{
  "name": "icblast",
  "version": "0.1.0",
  "lockfileVersion": 3,
  "requires": true,
  "packages": {
    "": {
      "name": "icblast",
      "version": "0.1.0",
      "dependencies": {
        "@dfinity/agent": "^3.2.3",
        "@dfinity/candid": "^3.2.3",
        "@dfinity/identity": "^3.2.3",
        "@dfinity/principal": "^3.2.3",
        "ajv": "^8.12.0",
        "picocolors": "^1.0.0"
      },
      "bin": {
        "blast": "bin/blast.js"
      },
      "engines": {
        "node": ">=18"
      }
    },
    "node_modules/.deno/@duckdb+node-api@1.3.2-alpha.26": {
      "extraneous": true
    },
    "node_modules/.deno/@duckdb+node-bindings@1.3.2-alpha.26/node_modules/@duckdb/node-bindings": {
      "version": "1.3.2-alpha.26",
      "extraneous": true,
      "license": "MIT",
      "optionalDependencies": {
        "@duckdb/node-bindings-darwin-arm64": "1.3.2-alpha.26",
        "@duckdb/node-bindings-darwin-x64": "1.3.2-alpha.26",
        "@duckdb/node-bindings-linux-arm64": "1.3.2-alpha.26",
        "@duckdb/node-bindings-linux-x64": "1.3.2-alpha.26",
        "@duckdb/node-bindings-win32-x64": "1.3.2-alpha.26"
      }
    },
    "node_modules/@dfinity/agent": {
      "version": "3.2.7",
      "resolved": "https://registry.npmjs.org/@dfinity/agent/-/agent-3.2.7.tgz",
      "integrity": "sha512-JO8GrhHcTialLeBfEEEruZPaA+4Ipt3mYqlM5CYKO7aWUCGPn94yxDVZ4nRJA8SRJjq+IXEBYpfGqbNOe5Djbg==",
      "license": "Apache-2.0",
      "dependencies": {
        "@dfinity/cbor": "^0.2.2",
        "@noble/curves": "^1.9.2"
      },
      "peerDependencies": {
        "@dfinity/candid": "3.2.7",
        "@dfinity/principal": "3.2.7",
        "@noble/hashes": "^1.8.0"
      }
    },
    "node_modules/@dfinity/candid": {
      "version": "3.2.7",
      "resolved": "https://registry.npmjs.org/@dfinity/candid/-/candid-3.2.7.tgz",
      "integrity": "sha512-Sad081UnB0DWI6pB+F1pOwcarqdhD0XVfuqw8MRzP0PuSCHlr7CKK5QZ6HE/Hq+ABDjn5vPG4WkbZs1sdma/Iw==",
      "license": "Apache-2.0",
      "peerDependencies": {
        "@dfinity/principal": "3.2.7"
      }
    },
    "node_modules/@dfinity/cbor": {
      "version": "0.2.2",
      "resolved": "https://registry.npmjs.org/@dfinity/cbor/-/cbor-0.2.2.tgz",
      "integrity": "sha512-GPJpH73kDEKbUBdUjY80lz7cq9l0vm1h/7ppejPV6O0ZTqCLrYspssYvqjRmK4aNnJ/SKXsP0rg9LYX7zpegaA==",
      "license": "Apache-2.0"
    },
    "node_modules/@dfinity/identity": {
      "version": "3.2.7",
      "resolved": "https://registry.npmjs.org/@dfinity/identity/-/identity-3.2.7.tgz",
      "integrity": "sha512-m2QhnS/OYKb+rBmfgrdHVpQpu8duKEgiy6kq9gyRoXkCbucYdaJnj2FCLXpeMSWMh3u2VRqNA4/RatLiOLntjw==",
      "license": "Apache-2.0",
      "peerDependencies": {
        "@dfinity/agent": "3.2.7",
        "@dfinity/candid": "3.2.7",
        "@dfinity/principal": "3.2.7",
        "@noble/curves": "^1.9.2",
        "@noble/hashes": "^1.8.0"
      }
    },
    "node_modules/@dfinity/principal": {
      "version": "3.2.7",
      "resolved": "https://registry.npmjs.org/@dfinity/principal/-/principal-3.2.7.tgz",
      "integrity": "sha512-R67oKAac90vD/KBVCMXcFCloWVU2Y3cDDyaja66i5JFxSt5Em+0M5CZrVZjn1LE7EcrMgsvQcqiV2S0Rnaw7Zg==",
      "license": "Apache-2.0",
      "dependencies": {
        "@noble/hashes": "^1.8.0"
      }
    },
    "node_modules/@noble/curves": {
      "version": "1.9.7",
      "resolved": "https://registry.npmjs.org/@noble/curves/-/curves-1.9.7.tgz",
      "integrity": "sha512-gbKGcRUYIjA3/zCCNaWDciTMFI0dCkvou3TL8Zmy5Nc7sJ47a0jtOeZoTaMxkuqRo9cRhjOdZJXegxYE5FN/xw==",
      "license": "MIT",
      "dependencies": {
        "@noble/hashes": "1.8.0"
      },
      "engines": {
        "node": "^14.21.3 || >=16"
      },
      "funding": {
        "url": "https://paulmillr.com/funding/"
      }
    },
    "node_modules/@noble/hashes": {
      "version": "1.8.0",
      "resolved": "https://registry.npmjs.org/@noble/hashes/-/hashes-1.8.0.tgz",
      "integrity": "sha512-jCs9ldd7NwzpgXDIf6P3+NrHh9/sD6CQdxHyjQI+h/6rDNo88ypBxxz45UDuZHz9r3tNz7N/VInSVoVdtXEI4A==",
      "license": "MIT",
      "engines": {
        "node": "^14.21.3 || >=16"
      },
      "funding": {
        "url": "https://paulmillr.com/funding/"
      }
    },
    "node_modules/ajv": {
      "version": "8.17.1",
      "resolved": "https://registry.npmjs.org/ajv/-/ajv-8.17.1.tgz",
      "integrity": "sha512-B/gBuNg5SiMTrPkC+A2+cW0RszwxYmn6VYxB/inlBStS5nx6xHIt/ehKRhIMhqusl7a8LjQoZnjCs5vhwxOQ1g==",
      "license": "MIT",
      "dependencies": {
        "fast-deep-equal": "^3.1.3",
        "fast-uri": "^3.0.1",
        "json-schema-traverse": "^1.0.0",
        "require-from-string": "^2.0.2"
      },
      "funding": {
        "type": "github",
        "url": "https://github.com/sponsors/epoberezkin"
      }
    },
    "node_modules/fast-deep-equal": {
      "version": "3.1.3",
      "resolved": "https://registry.npmjs.org/fast-deep-equal/-/fast-deep-equal-3.1.3.tgz",
      "integrity": "sha512-f3qQ9oQy9j2AhBe/H9VC91wLmKBCCU/gDOnKNAYG5hswO7BLKj09Hc5HYNz9cGI++xlpDCIgDaitVs03ATR84Q==",
      "license": "MIT"
    },
    "node_modules/fast-uri": {
      "version": "3.1.0",
      "resolved": "https://registry.npmjs.org/fast-uri/-/fast-uri-3.1.0.tgz",
      "integrity": "sha512-iPeeDKJSWf4IEOasVVrknXpaBV0IApz/gp7S2bb7Z4Lljbl2MGJRqInZiUrQwV16cpzw/D3S5j5Julj/gT52AA==",
      "funding": [
        {
          "type": "github",
          "url": "https://github.com/sponsors/fastify"
        },
        {
          "type": "opencollective",
          "url": "https://opencollective.com/fastify"
        }
      ],
      "license": "BSD-3-Clause"
    },
    "node_modules/json-schema-traverse": {
      "version": "1.0.0",
      "resolved": "https://registry.npmjs.org/json-schema-traverse/-/json-schema-traverse-1.0.0.tgz",
      "integrity": "sha512-NM8/P9n3XjXhIZn1lLhkFaACTOURQXjWhV4BA/RnOv8xvgqtqpAX9IO4mRQxSx1Rlo4tqzeqb0sOlruaOy3dug==",
      "license": "MIT"
    },
    "node_modules/picocolors": {
      "version": "1.1.1",
      "resolved": "https://registry.npmjs.org/picocolors/-/picocolors-1.1.1.tgz",
      "integrity": "sha512-xceH2snhtb5M9liqDsmEw56le376mTZkEX/jEb/RxNFyegNul7eNslCXP9FDj/Lcu0X8KEyMceP2ntpaHrDEVA==",
      "license": "ISC"
    },
    "node_modules/require-from-string": {
      "version": "2.0.2",
      "resolved": "https://registry.npmjs.org/require-from-string/-/require-from-string-2.0.2.tgz",
      "integrity": "sha512-Xf0nWe6RseziFMu+Ap9biiUbmplq6S9/p+7w7YXP/JBHhrUDDUhwa+vANyubuqfZWTveU//DYVGsDG7RKL/vEw==",
      "license": "MIT",
      "engines": {
        "node": ">=0.10.0"
      }
    }
  }
}
